
Microsoft Visual Studio Solution File, Format Version 12.00
# Visual Studio Version 17
VisualStudioVersion = 17.8.34330.188
MinimumVisualStudioVersion = 10.0.40219.1
Project("{FAE04EC0-301F-11D3-BF4B-00C04F79EFBC}") = "synchronizes folders", "synchronizes folders\synchronizes folders.csproj", "{667E057A-8709-4462-9F99-CFBAC2E4D4CC}"
EndProject
Global
	GlobalSection(SolutionConfigurationPlatforms) = preSolution
		Debug|Any CPU = Debug|Any CPU
		Release|Any CPU = Release|Any CPU
	EndGlobalSection
	GlobalSection(ProjectConfigurationPlatforms) = postSolution
		{667E057A-8709-4462-9F99-CFBAC2E4D4CC}.Debug|Any CPU.ActiveCfg = Debug|Any CPU
		{667E057A-8709-4462-9F99-CFBAC2E4D4CC}.Debug|Any CPU.Build.0 = Debug|Any CPU
		{667E057A-8709-4462-9F99-CFBAC2E4D4CC}.Release|Any CPU.ActiveCfg = Release|Any CPU
		{667E057A-8709-4462-9F99-CFBAC2E4D4CC}.Release|Any CPU.Build.0 = Release|Any CPU
	EndGlobalSection
	GlobalSection(SolutionProperties) = preSolution
		HideSolutionNode = FALSE
	EndGlobalSection
	GlobalSection(ExtensibilityGlobals) = postSolution
		SolutionGuid = {A2AC76AB-CF7E-4B78-BB6B-4E5513ADF5EA}
	EndGlobalSection
EndGlobal
